# This file is autogenerated, do not edit; changes may be undone by the next 'dep ensure'.


[[projects]]
  branch = "master"
  name = "github.com/btcsuite/btcd"
  packages = ["btcec"]
  revision = "675abc5df3c5531bc741b56a765e35623459da6d"

[[projects]]
  branch = "master"
  name = "golang.org/x/crypto"
  packages = ["sha3"]
  revision = "94e3fad7f1b4eed4ec147751ad6b4c4d33f00611"

[solve-meta]
  analyzer-name = "dep"
  analyzer-version = 1
  inputs-digest = "210e8ced4d6fc8768983d7f2bb868fe309895c9748174ef0fffd079c33b9677e"
  solver-name = "gps-cdcl"
  solver-version = 1
